
Microsoft Visual Studio Solution File, Format Version 12.00
# Visual Studio Version 17
VisualStudioVersion = 17.9.34728.123
MinimumVisualStudioVersion = 10.0.40219.1
Project("{9A19103F-16F7-4668-BE54-9A1E7A4F7556}") = "PassMan", "PassMan\PassMan.csproj", "{40A6CF0C-65E6-4B73-AD1E-8100F93FDF8A}"
EndProject
Project("{9A19103F-16F7-4668-BE54-9A1E7A4F7556}") = "PassManLib", "PassManLib\PassManLib.csproj", "{46F41CA3-3CA8-407B-ACC0-1A2D6948D9D3}"
EndProject
Project("{FAE04EC0-301F-11D3-BF4B-00C04F79EFBC}") = "PassManTests", "PassManTests\PassManTests.csproj", "{93FC9111-66F1-4E82-B71C-07D60A27032C}"
EndProject
Global
	GlobalSection(SolutionConfigurationPlatforms) = preSolution
		Debug|Any CPU = Debug|Any CPU
		Release|Any CPU = Release|Any CPU
	EndGlobalSection
	GlobalSection(ProjectConfigurationPlatforms) = postSolution
		{40A6CF0C-65E6-4B73-AD1E-8100F93FDF8A}.Debug|Any CPU.ActiveCfg = Debug|Any CPU
		{40A6CF0C-65E6-4B73-AD1E-8100F93FDF8A}.Debug|Any CPU.Build.0 = Debug|Any CPU
		{40A6CF0C-65E6-4B73-AD1E-8100F93FDF8A}.Release|Any CPU.ActiveCfg = Release|Any CPU
		{40A6CF0C-65E6-4B73-AD1E-8100F93FDF8A}.Release|Any CPU.Build.0 = Release|Any CPU
		{46F41CA3-3CA8-407B-ACC0-1A2D6948D9D3}.Debug|Any CPU.ActiveCfg = Debug|Any CPU
		{46F41CA3-3CA8-407B-ACC0-1A2D6948D9D3}.Debug|Any CPU.Build.0 = Debug|Any CPU
		{46F41CA3-3CA8-407B-ACC0-1A2D6948D9D3}.Release|Any CPU.ActiveCfg = Release|Any CPU
		{46F41CA3-3CA8-407B-ACC0-1A2D6948D9D3}.Release|Any CPU.Build.0 = Release|Any CPU
		{93FC9111-66F1-4E82-B71C-07D60A27032C}.Debug|Any CPU.ActiveCfg = Debug|Any CPU
		{93FC9111-66F1-4E82-B71C-07D60A27032C}.Debug|Any CPU.Build.0 = Debug|Any CPU
		{93FC9111-66F1-4E82-B71C-07D60A27032C}.Release|Any CPU.ActiveCfg = Release|Any CPU
		{93FC9111-66F1-4E82-B71C-07D60A27032C}.Release|Any CPU.Build.0 = Release|Any CPU
	EndGlobalSection
	GlobalSection(SolutionProperties) = preSolution
		HideSolutionNode = FALSE
	EndGlobalSection
	GlobalSection(ExtensibilityGlobals) = postSolution
		SolutionGuid = {ACB7C686-374B-4E1A-94E0-0E1BE165A60C}
	EndGlobalSection
EndGlobal
